
Microsoft Visual Studio Solution File, Format Version 12.00
# Visual Studio Version 16
VisualStudioVersion = 16.0.28803.352
MinimumVisualStudioVersion = 10.0.40219.1
Project("{9A19103F-16F7-4668-BE54-9A1E7A4F7556}") = "sinter_ia", "sinter_ia.csproj", "{FF2EBE79-7FE5-493A-B554-51EEAF3194F6}"
EndProject
Global
	GlobalSection(SolutionConfigurationPlatforms) = preSolution
		Debug|Any CPU = Debug|Any CPU
		Release|Any CPU = Release|Any CPU
	EndGlobalSection
	GlobalSection(ProjectConfigurationPlatforms) = postSolution
		{FF2EBE79-7FE5-493A-B554-51EEAF3194F6}.Debug|Any CPU.ActiveCfg = Debug|Any CPU
		{FF2EBE79-7FE5-493A-B554-51EEAF3194F6}.Debug|Any CPU.Build.0 = Debug|Any CPU
		{FF2EBE79-7FE5-493A-B554-51EEAF3194F6}.Release|Any CPU.ActiveCfg = Release|Any CPU
		{FF2EBE79-7FE5-493A-B554-51EEAF3194F6}.Release|Any CPU.Build.0 = Release|Any CPU
	EndGlobalSection
	GlobalSection(SolutionProperties) = preSolution
		HideSolutionNode = FALSE
	EndGlobalSection
	GlobalSection(ExtensibilityGlobals) = postSolution
		SolutionGuid = {49511E06-993D-4B77-AD05-5F2CD26020AA}
	EndGlobalSection
EndGlobal
